<?xml version="1.0" encoding="utf-8"?>
<Project ToolsVersion="4.0" xmlns="http://schemas.microsoft.com/developer/msbuild/2003">
  <ItemGroup>
    <ClCompile Include="BasicShader.cpp">
      <Filter>Sources</Filter>
    </ClCompile>
    <ClCompile Include="gamemanager.cpp">
      <Filter>Sources</Filter>
    </ClCompile>
    <ClCompile Include="main.cpp">
      <Filter>Sources</Filter>
    </ClCompile>
    <ClCompile Include="mesh.cpp">
      <Filter>Sources</Filter>
    </ClCompile>
    <ClCompile Include="Model.cpp">
      <Filter>Sources</Filter>
    </ClCompile>
    <ClCompile Include="obj_loader.cpp">
      <Filter>Sources</Filter>
    </ClCompile>
    <ClCompile Include="Octree.cpp">
      <Filter>Sources</Filter>
    </ClCompile>
    <ClCompile Include="OctreeNode.cpp">
      <Filter>Sources</Filter>
    </ClCompile>
    <ClCompile Include="ResourceManager.cpp">
      <Filter>Sources</Filter>
    </ClCompile>
    <ClCompile Include="SceneShader.cpp">
      <Filter>Sources</Filter>
    </ClCompile>
    <ClCompile Include="shader.cpp">
      <Filter>Sources</Filter>
    </ClCompile>
    <ClCompile Include="stb_image.c">
      <Filter>Sources</Filter>
    </ClCompile>
    <ClCompile Include="texture.cpp">
      <Filter>Sources</Filter>
    </ClCompile>
    <ClCompile Include="SceneManager.cpp">
      <Filter>Sources</Filter>
    </ClCompile>
    <ClCompile Include="SceneObject.cpp">
      <Filter>Sources</Filter>
    </ClCompile>
    <ClCompile Include="camera.cpp">
      <Filter>Sources</Filter>
    </ClCompile>
    <ClCompile Include="Frustrum.cpp">
      <Filter>Sources</Filter>
    </ClCompile>
    <ClCompile Include="Plane.cpp">
      <Filter>Sources</Filter>
    </ClCompile>
    <ClCompile Include="ScriptingModule.cpp">
      <Filter>Sources</Filter>
    </ClCompile>
  </ItemGroup>
  <ItemGroup>
    <ClInclude Include="BasicShader.h">
      <Filter>Headers</Filter>
    </ClInclude>
    <ClInclude Include="camera.h">
      <Filter>Headers</Filter>
    </ClInclude>
    <ClInclude Include="gamemanager.h">
      <Filter>Headers</Filter>
    </ClInclude>
    <ClInclude Include="mesh.h">
      <Filter>Headers</Filter>
    </ClInclude>
    <ClInclude Include="Model.h">
      <Filter>Headers</Filter>
    </ClInclude>
    <ClInclude Include="obj_loader.h">
      <Filter>Headers</Filter>
    </ClInclude>
    <ClInclude Include="Octree.h">
      <Filter>Headers</Filter>
    </ClInclude>
    <ClInclude Include="OctreeNode.h">
      <Filter>Headers</Filter>
    </ClInclude>
    <ClInclude Include="ResourceManager.h">
      <Filter>Headers</Filter>
    </ClInclude>
    <ClInclude Include="SceneShader.h">
      <Filter>Headers</Filter>
    </ClInclude>
    <ClInclude Include="shader.h">
      <Filter>Headers</Filter>
    </ClInclude>
    <ClInclude Include="stb_image.h">
      <Filter>Headers</Filter>
    </ClInclude>
    <ClInclude Include="Structs.h">
      <Filter>Headers</Filter>
    </ClInclude>
    <ClInclude Include="texture.h">
      <Filter>Headers</Filter>
    </ClInclude>
    <ClInclude Include="transform.h">
      <Filter>Headers</Filter>
    </ClInclude>
    <ClInclude Include="SceneManager.h">
      <Filter>Headers</Filter>
    </ClInclude>
    <ClInclude Include="SceneObject.h">
      <Filter>Headers</Filter>
    </ClInclude>
    <ClInclude Include="Plane.h">
      <Filter>Headers</Filter>
    </ClInclude>
    <ClInclude Include="Frustrum.h">
      <Filter>Headers</Filter>
    </ClInclude>
    <ClInclude Include="GUI.h">
      <Filter>Headers</Filter>
    </ClInclude>
    <ClInclude Include="ScriptingModule.h">
      <Filter>Headers</Filter>
    </ClInclude>
  </ItemGroup>
  <ItemGroup>
    <None Include="res\basic_shader.fs">
      <Filter>Shaders</Filter>
    </None>
    <None Include="res\basic_shader.vs">
      <Filter>Shaders</Filter>
    </None>
    <None Include="res\scene_shader.fs">
      <Filter>Shaders</Filter>
    </None>
    <None Include="res\scene_shader.vs">
      <Filter>Shaders</Filter>
    </None>
    <None Include="resources\scripts\script.py">
      <Filter>Scripts</Filter>
    </None>
  </ItemGroup>
  <ItemGroup>
    <Filter Include="Headers">
      <UniqueIdentifier>{95d72729-a30c-41ba-bdf0-af3d9e8c73d4}</UniqueIdentifier>
    </Filter>
    <Filter Include="Sources">
      <UniqueIdentifier>{2cf1ff72-816e-44a2-b835-388b0304267d}</UniqueIdentifier>
    </Filter>
    <Filter Include="Shaders">
      <UniqueIdentifier>{0ac7cbcd-6c5f-416d-b491-70c3a4ddfce5}</UniqueIdentifier>
    </Filter>
    <Filter Include="Scripts">
      <UniqueIdentifier>{f67ae719-f041-48c1-9522-95e7719068a6}</UniqueIdentifier>
    </Filter>
    <Filter Include="Resources">
      <UniqueIdentifier>{f1ca5d21-a7c8-433f-9b9e-7d9a7ca1e052}</UniqueIdentifier>
    </Filter>
  </ItemGroup>
  <ItemGroup>
    <Xml Include="resources\xmls\resourceManager.xml">
      <Filter>Resources</Filter>
    </Xml>
    <Xml Include="resources\xmls\sceneManager.xml">
      <Filter>Resources</Filter>
    </Xml>
    <Xml Include="resources\xmls\sceneManager2.xml">
      <Filter>Resources</Filter>
    </Xml>
  </ItemGroup>
</Project>